// !$*UTF8*$!
{
	archiveVersion = 1;
	classes = {
	};
	objectVersion = 50;
	objects = {

/* Begin PBXBuildFile section */
		DBE364502417B75700F02B1A /* AppDelegate.swift in Sources */ = {isa = PBXBuildFile; fileRef = DBE3644F2417B75700F02B1A /* AppDelegate.swift */; };
		DBE364522417B75700F02B1A /* SceneDelegate.swift in Sources */ = {isa = PBXBuildFile; fileRef = DBE364512417B75700F02B1A /* SceneDelegate.swift */; };
		DBE364542417B75700F02B1A /* DashboardViewController.swift in Sources */ = {isa = PBXBuildFile; fileRef = DBE364532417B75700F02B1A /* DashboardViewController.swift */; };
		DBE364592417B75D00F02B1A /* Assets.xcassets in Resources */ = {isa = PBXBuildFile; fileRef = DBE364582417B75D00F02B1A /* Assets.xcassets */; };
		DBE3645C2417B75D00F02B1A /* LaunchScreen.storyboard in Resources */ = {isa = PBXBuildFile; fileRef = DBE3645A2417B75D00F02B1A /* LaunchScreen.storyboard */; };
		DBE364672417B75E00F02B1A /* AmazingScoreTests.swift in Sources */ = {isa = PBXBuildFile; fileRef = DBE364662417B75E00F02B1A /* AmazingScoreTests.swift */; };
		DBE364722417B75E00F02B1A /* AmazingScoreUITests.swift in Sources */ = {isa = PBXBuildFile; fileRef = DBE364712417B75E00F02B1A /* AmazingScoreUITests.swift */; };
		DBE364812417C1BA00F02B1A /* Coordinator.swift in Sources */ = {isa = PBXBuildFile; fileRef = DBE364802417C1BA00F02B1A /* Coordinator.swift */; };
		DBE364852417C7D600F02B1A /* DashboardCoordinator.swift in Sources */ = {isa = PBXBuildFile; fileRef = DBE364842417C7D600F02B1A /* DashboardCoordinator.swift */; };
		DBE364872417C7E900F02B1A /* DashboardViewModel.swift in Sources */ = {isa = PBXBuildFile; fileRef = DBE364862417C7E900F02B1A /* DashboardViewModel.swift */; };
		DBE3648C2417CBBC00F02B1A /* Binder.swift in Sources */ = {isa = PBXBuildFile; fileRef = DBE3648B2417CBBC00F02B1A /* Binder.swift */; };
/* End PBXBuildFile section */

/* Begin PBXContainerItemProxy section */
		DBE364632417B75E00F02B1A /* PBXContainerItemProxy */ = {
			isa = PBXContainerItemProxy;
			containerPortal = DBE364442417B75700F02B1A /* Project object */;
			proxyType = 1;
			remoteGlobalIDString = DBE3644B2417B75700F02B1A;
			remoteInfo = AmazingScore;
		};
		DBE3646E2417B75E00F02B1A /* PBXContainerItemProxy */ = {
			isa = PBXContainerItemProxy;
			containerPortal = DBE364442417B75700F02B1A /* Project object */;
			proxyType = 1;
			remoteGlobalIDString = DBE3644B2417B75700F02B1A;
			remoteInfo = AmazingScore;
		};
/* End PBXContainerItemProxy section */

/* Begin PBXFileReference section */
		DBE3644C2417B75700F02B1A /* AmazingScore.app */ = {isa = PBXFileReference; explicitFileType = wrapper.application; includeInIndex = 0; path = AmazingScore.app; sourceTree = BUILT_PRODUCTS_DIR; };
		DBE3644F2417B75700F02B1A /* AppDelegate.swift */ = {isa = PBXFileReference; lastKnownFileType = sourcecode.swift; path = AppDelegate.swift; sourceTree = "<group>"; };
		DBE364512417B75700F02B1A /* SceneDelegate.swift */ = {isa = PBXFileReference; lastKnownFileType = sourcecode.swift; path = SceneDelegate.swift; sourceTree = "<group>"; };
		DBE364532417B75700F02B1A /* DashboardViewController.swift */ = {isa = PBXFileReference; lastKnownFileType = sourcecode.swift; path = DashboardViewController.swift; sourceTree = "<group>"; };
		DBE364582417B75D00F02B1A /* Assets.xcassets */ = {isa = PBXFileReference; lastKnownFileType = folder.assetcatalog; path = Assets.xcassets; sourceTree = "<group>"; };
		DBE3645B2417B75D00F02B1A /* Base */ = {isa = PBXFileReference; lastKnownFileType = file.storyboard; name = Base; path = Base.lproj/LaunchScreen.storyboard; sourceTree = "<group>"; };
		DBE3645D2417B75D00F02B1A /* Info.plist */ = {isa = PBXFileReference; lastKnownFileType = text.plist.xml; path = Info.plist; sourceTree = "<group>"; };
		DBE364622417B75E00F02B1A /* AmazingScoreTests.xctest */ = {isa = PBXFileReference; explicitFileType = wrapper.cfbundle; includeInIndex = 0; path = AmazingScoreTests.xctest; sourceTree = BUILT_PRODUCTS_DIR; };
		DBE364662417B75E00F02B1A /* AmazingScoreTests.swift */ = {isa = PBXFileReference; lastKnownFileType = sourcecode.swift; path = AmazingScoreTests.swift; sourceTree = "<group>"; };
		DBE364682417B75E00F02B1A /* Info.plist */ = {isa = PBXFileReference; lastKnownFileType = text.plist.xml; path = Info.plist; sourceTree = "<group>"; };
		DBE3646D2417B75E00F02B1A /* AmazingScoreUITests.xctest */ = {isa = PBXFileReference; explicitFileType = wrapper.cfbundle; includeInIndex = 0; path = AmazingScoreUITests.xctest; sourceTree = BUILT_PRODUCTS_DIR; };
		DBE364712417B75E00F02B1A /* AmazingScoreUITests.swift */ = {isa = PBXFileReference; lastKnownFileType = sourcecode.swift; path = AmazingScoreUITests.swift; sourceTree = "<group>"; };
		DBE364732417B75E00F02B1A /* Info.plist */ = {isa = PBXFileReference; lastKnownFileType = text.plist.xml; path = Info.plist; sourceTree = "<group>"; };
		DBE364802417C1BA00F02B1A /* Coordinator.swift */ = {isa = PBXFileReference; lastKnownFileType = sourcecode.swift; path = Coordinator.swift; sourceTree = "<group>"; };
		DBE364842417C7D600F02B1A /* DashboardCoordinator.swift */ = {isa = PBXFileReference; lastKnownFileType = sourcecode.swift; path = DashboardCoordinator.swift; sourceTree = "<group>"; };
		DBE364862417C7E900F02B1A /* DashboardViewModel.swift */ = {isa = PBXFileReference; lastKnownFileType = sourcecode.swift; path = DashboardViewModel.swift; sourceTree = "<group>"; };
		DBE3648B2417CBBC00F02B1A /* Binder.swift */ = {isa = PBXFileReference; lastKnownFileType = sourcecode.swift; path = Binder.swift; sourceTree = "<group>"; };
/* End PBXFileReference section */

/* Begin PBXFrameworksBuildPhase section */
		DBE364492417B75700F02B1A /* Frameworks */ = {
			isa = PBXFrameworksBuildPhase;
			buildActionMask = 2147483647;
			files = (
			);
			runOnlyForDeploymentPostprocessing = 0;
		};
		DBE3645F2417B75E00F02B1A /* Frameworks */ = {
			isa = PBXFrameworksBuildPhase;
			buildActionMask = 2147483647;
			files = (
			);
			runOnlyForDeploymentPostprocessing = 0;
		};
		DBE3646A2417B75E00F02B1A /* Frameworks */ = {
			isa = PBXFrameworksBuildPhase;
			buildActionMask = 2147483647;
			files = (
			);
			runOnlyForDeploymentPostprocessing = 0;
		};
/* End PBXFrameworksBuildPhase section */

/* Begin PBXGroup section */
		DBE364432417B75700F02B1A = {
			isa = PBXGroup;
			children = (
				DBE3644E2417B75700F02B1A /* AmazingScore */,
				DBE364652417B75E00F02B1A /* AmazingScoreTests */,
				DBE364702417B75E00F02B1A /* AmazingScoreUITests */,
				DBE3644D2417B75700F02B1A /* Products */,
			);
			sourceTree = "<group>";
		};
		DBE3644D2417B75700F02B1A /* Products */ = {
			isa = PBXGroup;
			children = (
				DBE3644C2417B75700F02B1A /* AmazingScore.app */,
				DBE364622417B75E00F02B1A /* AmazingScoreTests.xctest */,
				DBE3646D2417B75E00F02B1A /* AmazingScoreUITests.xctest */,
			);
			name = Products;
			sourceTree = "<group>";
		};
		DBE3644E2417B75700F02B1A /* AmazingScore */ = {
			isa = PBXGroup;
			children = (
				DBE364822417C4A600F02B1A /* Resources */,
				DBE3647F2417C19B00F02B1A /* Core */,
				DBE364832417C6B300F02B1A /* Dashboard */,
			);
			path = AmazingScore;
			sourceTree = "<group>";
		};
		DBE364652417B75E00F02B1A /* AmazingScoreTests */ = {
			isa = PBXGroup;
			children = (
				DBE364662417B75E00F02B1A /* AmazingScoreTests.swift */,
				DBE364682417B75E00F02B1A /* Info.plist */,
			);
			path = AmazingScoreTests;
			sourceTree = "<group>";
		};
		DBE364702417B75E00F02B1A /* AmazingScoreUITests */ = {
			isa = PBXGroup;
			children = (
				DBE364712417B75E00F02B1A /* AmazingScoreUITests.swift */,
				DBE364732417B75E00F02B1A /* Info.plist */,
			);
			path = AmazingScoreUITests;
			sourceTree = "<group>";
		};
		DBE3647F2417C19B00F02B1A /* Core */ = {
			isa = PBXGroup;
			children = (
				DBE364802417C1BA00F02B1A /* Coordinator.swift */,
				DBE3648B2417CBBC00F02B1A /* Binder.swift */,
			);
			path = Core;
			sourceTree = "<group>";
		};
		DBE364822417C4A600F02B1A /* Resources */ = {
			isa = PBXGroup;
			children = (
				DBE3644F2417B75700F02B1A /* AppDelegate.swift */,
				DBE364512417B75700F02B1A /* SceneDelegate.swift */,
				DBE364582417B75D00F02B1A /* Assets.xcassets */,
				DBE3645A2417B75D00F02B1A /* LaunchScreen.storyboard */,
				DBE3645D2417B75D00F02B1A /* Info.plist */,
			);
			path = Resources;
			sourceTree = "<group>";
		};
		DBE364832417C6B300F02B1A /* Dashboard */ = {
			isa = PBXGroup;
			children = (
				DBE364842417C7D600F02B1A /* DashboardCoordinator.swift */,
				DBE364862417C7E900F02B1A /* DashboardViewModel.swift */,
				DBE364532417B75700F02B1A /* DashboardViewController.swift */,
			);
			path = Dashboard;
			sourceTree = "<group>";
		};
/* End PBXGroup section */

/* Begin PBXNativeTarget section */
		DBE3644B2417B75700F02B1A /* AmazingScore */ = {
			isa = PBXNativeTarget;
			buildConfigurationList = DBE364762417B75E00F02B1A /* Build configuration list for PBXNativeTarget "AmazingScore" */;
			buildPhases = (
				DBE364482417B75700F02B1A /* Sources */,
				DBE364492417B75700F02B1A /* Frameworks */,
				DBE3644A2417B75700F02B1A /* Resources */,
			);
			buildRules = (
			);
			dependencies = (
			);
			name = AmazingScore;
			productName = AmazingScore;
			productReference = DBE3644C2417B75700F02B1A /* AmazingScore.app */;
			productType = "com.apple.product-type.application";
		};
		DBE364612417B75E00F02B1A /* AmazingScoreTests */ = {
			isa = PBXNativeTarget;
			buildConfigurationList = DBE364792417B75E00F02B1A /* Build configuration list for PBXNativeTarget "AmazingScoreTests" */;
			buildPhases = (
				DBE3645E2417B75E00F02B1A /* Sources */,
				DBE3645F2417B75E00F02B1A /* Frameworks */,
				DBE364602417B75E00F02B1A /* Resources */,
			);
			buildRules = (
			);
			dependencies = (
				DBE364642417B75E00F02B1A /* PBXTargetDependency */,
			);
			name = AmazingScoreTests;
			productName = AmazingScoreTests;
			productReference = DBE364622417B75E00F02B1A /* AmazingScoreTests.xctest */;
			productType = "com.apple.product-type.bundle.unit-test";
		};
		DBE3646C2417B75E00F02B1A /* AmazingScoreUITests */ = {
			isa = PBXNativeTarget;
			buildConfigurationList = DBE3647C2417B75E00F02B1A /* Build configuration list for PBXNativeTarget "AmazingScoreUITests" */;
			buildPhases = (
				DBE364692417B75E00F02B1A /* Sources */,
				DBE3646A2417B75E00F02B1A /* Frameworks */,
				DBE3646B2417B75E00F02B1A /* Resources */,
			);
			buildRules = (
			);
			dependencies = (
				DBE3646F2417B75E00F02B1A /* PBXTargetDependency */,
			);
			name = AmazingScoreUITests;
			productName = AmazingScoreUITests;
			productReference = DBE3646D2417B75E00F02B1A /* AmazingScoreUITests.xctest */;
			productType = "com.apple.product-type.bundle.ui-testing";
		};
/* End PBXNativeTarget section */

/* Begin PBXProject section */
		DBE364442417B75700F02B1A /* Project object */ = {
			isa = PBXProject;
			attributes = {
				LastSwiftUpdateCheck = 1130;
				LastUpgradeCheck = 1130;
				ORGANIZATIONNAME = "Carmine Del Gaudio";
				TargetAttributes = {
					DBE3644B2417B75700F02B1A = {
						CreatedOnToolsVersion = 11.3.1;
					};
					DBE364612417B75E00F02B1A = {
						CreatedOnToolsVersion = 11.3.1;
						TestTargetID = DBE3644B2417B75700F02B1A;
					};
					DBE3646C2417B75E00F02B1A = {
						CreatedOnToolsVersion = 11.3.1;
						TestTargetID = DBE3644B2417B75700F02B1A;
					};
				};
			};
			buildConfigurationList = DBE364472417B75700F02B1A /* Build configuration list for PBXProject "AmazingScore" */;
			compatibilityVersion = "Xcode 9.3";
			developmentRegion = en;
			hasScannedForEncodings = 0;
			knownRegions = (
				en,
				Base,
			);
			mainGroup = DBE364432417B75700F02B1A;
			productRefGroup = DBE3644D2417B75700F02B1A /* Products */;
			projectDirPath = "";
			projectRoot = "";
			targets = (
				DBE3644B2417B75700F02B1A /* AmazingScore */,
				DBE364612417B75E00F02B1A /* AmazingScoreTests */,
				DBE3646C2417B75E00F02B1A /* AmazingScoreUITests */,
			);
		};
/* End PBXProject section */

/* Begin PBXResourcesBuildPhase section */
		DBE3644A2417B75700F02B1A /* Resources */ = {
			isa = PBXResourcesBuildPhase;
			buildActionMask = 2147483647;
			files = (
				DBE3645C2417B75D00F02B1A /* LaunchScreen.storyboard in Resources */,
				DBE364592417B75D00F02B1A /* Assets.xcassets in Resources */,
			);
			runOnlyForDeploymentPostprocessing = 0;
		};
		DBE364602417B75E00F02B1A /* Resources */ = {
			isa = PBXResourcesBuildPhase;
			buildActionMask = 2147483647;
			files = (
			);
			runOnlyForDeploymentPostprocessing = 0;
		};
		DBE3646B2417B75E00F02B1A /* Resources */ = {
			isa = PBXResourcesBuildPhase;
			buildActionMask = 2147483647;
			files = (
			);
			runOnlyForDeploymentPostprocessing = 0;
		};
/* End PBXResourcesBuildPhase section */

/* Begin PBXSourcesBuildPhase section */
		DBE364482417B75700F02B1A /* Sources */ = {
			isa = PBXSourcesBuildPhase;
			buildActionMask = 2147483647;
			files = (
				DBE364812417C1BA00F02B1A /* Coordinator.swift in Sources */,
				DBE3648C2417CBBC00F02B1A /* Binder.swift in Sources */,
				DBE364852417C7D600F02B1A /* DashboardCoordinator.swift in Sources */,
				DBE364542417B75700F02B1A /* DashboardViewController.swift in Sources */,
				DBE364872417C7E900F02B1A /* DashboardViewModel.swift in Sources */,
				DBE364502417B75700F02B1A /* AppDelegate.swift in Sources */,
				DBE364522417B75700F02B1A /* SceneDelegate.swift in Sources */,
			);
			runOnlyForDeploymentPostprocessing = 0;
		};
		DBE3645E2417B75E00F02B1A /* Sources */ = {
			isa = PBXSourcesBuildPhase;
			buildActionMask = 2147483647;
			files = (
				DBE364672417B75E00F02B1A /* AmazingScoreTests.swift in Sources */,
			);
			runOnlyForDeploymentPostprocessing = 0;
		};
		DBE364692417B75E00F02B1A /* Sources */ = {
			isa = PBXSourcesBuildPhase;
			buildActionMask = 2147483647;
			files = (
				DBE364722417B75E00F02B1A /* AmazingScoreUITests.swift in Sources */,
			);
			runOnlyForDeploymentPostprocessing = 0;
		};
/* End PBXSourcesBuildPhase section */

/* Begin PBXTargetDependency section */
		DBE364642417B75E00F02B1A /* PBXTargetDependency */ = {
			isa = PBXTargetDependency;
			target = DBE3644B2417B75700F02B1A /* AmazingScore */;
			targetProxy = DBE364632417B75E00F02B1A /* PBXContainerItemProxy */;
		};
		DBE3646F2417B75E00F02B1A /* PBXTargetDependency */ = {
			isa = PBXTargetDependency;
			target = DBE3644B2417B75700F02B1A /* AmazingScore */;
			targetProxy = DBE3646E2417B75E00F02B1A /* PBXContainerItemProxy */;
		};
/* End PBXTargetDependency section */

/* Begin PBXVariantGroup section */
		DBE3645A2417B75D00F02B1A /* LaunchScreen.storyboard */ = {
			isa = PBXVariantGroup;
			children = (
				DBE3645B2417B75D00F02B1A /* Base */,
			);
			name = LaunchScreen.storyboard;
			sourceTree = "<group>";
		};
/* End PBXVariantGroup section */

/* Begin XCBuildConfiguration section */
		DBE364742417B75E00F02B1A /* Debug */ = {
			isa = XCBuildConfiguration;
			buildSettings = {
				ALWAYS_SEARCH_USER_PATHS = NO;
				CLANG_ANALYZER_NONNULL = YES;
				CLANG_ANALYZER_NUMBER_OBJECT_CONVERSION = YES_AGGRESSIVE;
				CLANG_CXX_LANGUAGE_STANDARD = "gnu++14";
				CLANG_CXX_LIBRARY = "libc++";
				CLANG_ENABLE_MODULES = YES;
				CLANG_ENABLE_OBJC_ARC = YES;
				CLANG_ENABLE_OBJC_WEAK = YES;
				CLANG_WARN_BLOCK_CAPTURE_AUTORELEASING = YES;
				CLANG_WARN_BOOL_CONVERSION = YES;
				CLANG_WARN_COMMA = YES;
				CLANG_WARN_CONSTANT_CONVERSION = YES;
				CLANG_WARN_DEPRECATED_OBJC_IMPLEMENTATIONS = YES;
				CLANG_WARN_DIRECT_OBJC_ISA_USAGE = YES_ERROR;
				CLANG_WARN_DOCUMENTATION_COMMENTS = YES;
				CLANG_WARN_EMPTY_BODY = YES;
				CLANG_WARN_ENUM_CONVERSION = YES;
				CLANG_WARN_INFINITE_RECURSION = YES;
				CLANG_WARN_INT_CONVERSION = YES;
				CLANG_WARN_NON_LITERAL_NULL_CONVERSION = YES;
				CLANG_WARN_OBJC_IMPLICIT_RETAIN_SELF = YES;
				CLANG_WARN_OBJC_LITERAL_CONVERSION = YES;
				CLANG_WARN_OBJC_ROOT_CLASS = YES_ERROR;
				CLANG_WARN_RANGE_LOOP_ANALYSIS = YES;
				CLANG_WARN_STRICT_PROTOTYPES = YES;
				CLANG_WARN_SUSPICIOUS_MOVE = YES;
				CLANG_WARN_UNGUARDED_AVAILABILITY = YES_AGGRESSIVE;
				CLANG_WARN_UNREACHABLE_CODE = YES;
				CLANG_WARN__DUPLICATE_METHOD_MATCH = YES;
				COPY_PHASE_STRIP = NO;
				DEBUG_INFORMATION_FORMAT = dwarf;
				ENABLE_STRICT_OBJC_MSGSEND = YES;
				ENABLE_TESTABILITY = YES;
				GCC_C_LANGUAGE_STANDARD = gnu11;
				GCC_DYNAMIC_NO_PIC = NO;
				GCC_NO_COMMON_BLOCKS = YES;
				GCC_OPTIMIZATION_LEVEL = 0;
				GCC_PREPROCESSOR_DEFINITIONS = (
					"DEBUG=1",
					"$(inherited)",
				);
				GCC_WARN_64_TO_32_BIT_CONVERSION = YES;
				GCC_WARN_ABOUT_RETURN_TYPE = YES_ERROR;
				GCC_WARN_UNDECLARED_SELECTOR = YES;
				GCC_WARN_UNINITIALIZED_AUTOS = YES_AGGRESSIVE;
				GCC_WARN_UNUSED_FUNCTION = YES;
				GCC_WARN_UNUSED_VARIABLE = YES;
				IPHONEOS_DEPLOYMENT_TARGET = 13.2;
				MTL_ENABLE_DEBUG_INFO = INCLUDE_SOURCE;
				MTL_FAST_MATH = YES;
				ONLY_ACTIVE_ARCH = YES;
				SDKROOT = iphoneos;
				SWIFT_ACTIVE_COMPILATION_CONDITIONS = DEBUG;
				SWIFT_OPTIMIZATION_LEVEL = "-Onone";
			};
			name = Debug;
		};
		DBE364752417B75E00F02B1A /* Release */ = {
			isa = XCBuildConfiguration;
			buildSettings = {
				ALWAYS_SEARCH_USER_PATHS = NO;
				CLANG_ANALYZER_NONNULL = YES;
				CLANG_ANALYZER_NUMBER_OBJECT_CONVERSION = YES_AGGRESSIVE;
				CLANG_CXX_LANGUAGE_STANDARD = "gnu++14";
				CLANG_CXX_LIBRARY = "libc++";
				CLANG_ENABLE_MODULES = YES;
				CLANG_ENABLE_OBJC_ARC = YES;
				CLANG_ENABLE_OBJC_WEAK = YES;
				CLANG_WARN_BLOCK_CAPTURE_AUTORELEASING = YES;
				CLANG_WARN_BOOL_CONVERSION = YES;
				CLANG_WARN_COMMA = YES;
				CLANG_WARN_CONSTANT_CONVERSION = YES;
				CLANG_WARN_DEPRECATED_OBJC_IMPLEMENTATIONS = YES;
				CLANG_WARN_DIRECT_OBJC_ISA_USAGE = YES_ERROR;
				CLANG_WARN_DOCUMENTATION_COMMENTS = YES;
				CLANG_WARN_EMPTY_BODY = YES;
				CLANG_WARN_ENUM_CONVERSION = YES;
				CLANG_WARN_INFINITE_RECURSION = YES;
				CLANG_WARN_INT_CONVERSION = YES;
				CLANG_WARN_NON_LITERAL_NULL_CONVERSION = YES;
				CLANG_WARN_OBJC_IMPLICIT_RETAIN_SELF = YES;
				CLANG_WARN_OBJC_LITERAL_CONVERSION = YES;
				CLANG_WARN_OBJC_ROOT_CLASS = YES_ERROR;
				CLANG_WARN_RANGE_LOOP_ANALYSIS = YES;
				CLANG_WARN_STRICT_PROTOTYPES = YES;
				CLANG_WARN_SUSPICIOUS_MOVE = YES;
				CLANG_WARN_UNGUARDED_AVAILABILITY = YES_AGGRESSIVE;
				CLANG_WARN_UNREACHABLE_CODE = YES;
				CLANG_WARN__DUPLICATE_METHOD_MATCH = YES;
				COPY_PHASE_STRIP = NO;
				DEBUG_INFORMATION_FORMAT = "dwarf-with-dsym";
				ENABLE_NS_ASSERTIONS = NO;
				ENABLE_STRICT_OBJC_MSGSEND = YES;
				GCC_C_LANGUAGE_STANDARD = gnu11;
				GCC_NO_COMMON_BLOCKS = YES;
				GCC_WARN_64_TO_32_BIT_CONVERSION = YES;
				GCC_WARN_ABOUT_RETURN_TYPE = YES_ERROR;
				GCC_WARN_UNDECLARED_SELECTOR = YES;
				GCC_WARN_UNINITIALIZED_AUTOS = YES_AGGRESSIVE;
				GCC_WARN_UNUSED_FUNCTION = YES;
				GCC_WARN_UNUSED_VARIABLE = YES;
				IPHONEOS_DEPLOYMENT_TARGET = 13.2;
				MTL_ENABLE_DEBUG_INFO = NO;
				MTL_FAST_MATH = YES;
				SDKROOT = iphoneos;
				SWIFT_COMPILATION_MODE = wholemodule;
				SWIFT_OPTIMIZATION_LEVEL = "-O";
				VALIDATE_PRODUCT = YES;
			};
			name = Release;
		};
		DBE364772417B75E00F02B1A /* Debug */ = {
			isa = XCBuildConfiguration;
			buildSettings = {
				ASSETCATALOG_COMPILER_APPICON_NAME = AppIcon;
				CODE_SIGN_STYLE = Automatic;
				DEVELOPMENT_TEAM = HX4W3E9WJ5;
				INFOPLIST_FILE = AmazingScore/Resources/Info.plist;
				LD_RUNPATH_SEARCH_PATHS = (
					"$(inherited)",
					"@executable_path/Frameworks",
				);
				PRODUCT_BUNDLE_IDENTIFIER = it.cdelgaudio.AmazingScore;
				PRODUCT_NAME = "$(TARGET_NAME)";
				SWIFT_VERSION = 5.0;
				TARGETED_DEVICE_FAMILY = 1;
			};
			name = Debug;
		};
		DBE364782417B75E00F02B1A /* Release */ = {
			isa = XCBuildConfiguration;
			buildSettings = {
				ASSETCATALOG_COMPILER_APPICON_NAME = AppIcon;
				CODE_SIGN_STYLE = Automatic;
				DEVELOPMENT_TEAM = HX4W3E9WJ5;
				INFOPLIST_FILE = AmazingScore/Resources/Info.plist;
				LD_RUNPATH_SEARCH_PATHS = (
					"$(inherited)",
					"@executable_path/Frameworks",
				);
				PRODUCT_BUNDLE_IDENTIFIER = it.cdelgaudio.AmazingScore;
				PRODUCT_NAME = "$(TARGET_NAME)";
				SWIFT_VERSION = 5.0;
				TARGETED_DEVICE_FAMILY = 1;
			};
			name = Release;
		};
		DBE3647A2417B75E00F02B1A /* Debug */ = {
			isa = XCBuildConfiguration;
			buildSettings = {
				ALWAYS_EMBED_SWIFT_STANDARD_LIBRARIES = YES;
				BUNDLE_LOADER = "$(TEST_HOST)";
				CODE_SIGN_STYLE = Automatic;
				DEVELOPMENT_TEAM = HX4W3E9WJ5;
				INFOPLIST_FILE = AmazingScoreTests/Info.plist;
				IPHONEOS_DEPLOYMENT_TARGET = 13.2;
				LD_RUNPATH_SEARCH_PATHS = (
					"$(inherited)",
					"@executable_path/Frameworks",
					"@loader_path/Frameworks",
				);
				PRODUCT_BUNDLE_IDENTIFIER = it.cdelgaudio.AmazingScoreTests;
				PRODUCT_NAME = "$(TARGET_NAME)";
				SWIFT_VERSION = 5.0;
				TARGETED_DEVICE_FAMILY = "1,2";
				TEST_HOST = "$(BUILT_PRODUCTS_DIR)/AmazingScore.app/AmazingScore";
			};
			name = Debug;
		};
		DBE3647B2417B75E00F02B1A /* Release */ = {
			isa = XCBuildConfiguration;
			buildSettings = {
				ALWAYS_EMBED_SWIFT_STANDARD_LIBRARIES = YES;
				BUNDLE_LOADER = "$(TEST_HOST)";
				CODE_SIGN_STYLE = Automatic;
				DEVELOPMENT_TEAM = HX4W3E9WJ5;
				INFOPLIST_FILE = AmazingScoreTests/Info.plist;
				IPHONEOS_DEPLOYMENT_TARGET = 13.2;
				LD_RUNPATH_SEARCH_PATHS = (
					"$(inherited)",
					"@executable_path/Frameworks",
					"@loader_path/Frameworks",
				);
				PRODUCT_BUNDLE_IDENTIFIER = it.cdelgaudio.AmazingScoreTests;
				PRODUCT_NAME = "$(TARGET_NAME)";
				SWIFT_VERSION = 5.0;
				TARGETED_DEVICE_FAMILY = "1,2";
				TEST_HOST = "$(BUILT_PRODUCTS_DIR)/AmazingScore.app/AmazingScore";
			};
			name = Release;
		};
		DBE3647D2417B75E00F02B1A /* Debug */ = {
			isa = XCBuildConfiguration;
			buildSettings = {
				ALWAYS_EMBED_SWIFT_STANDARD_LIBRARIES = YES;
				CODE_SIGN_STYLE = Automatic;
				DEVELOPMENT_TEAM = HX4W3E9WJ5;
				INFOPLIST_FILE = AmazingScoreUITests/Info.plist;
				LD_RUNPATH_SEARCH_PATHS = (
					"$(inherited)",
					"@executable_path/Frameworks",
					"@loader_path/Frameworks",
				);
				PRODUCT_BUNDLE_IDENTIFIER = it.cdelgaudio.AmazingScoreUITests;
				PRODUCT_NAME = "$(TARGET_NAME)";
				SWIFT_VERSION = 5.0;
				TARGETED_DEVICE_FAMILY = "1,2";
				TEST_TARGET_NAME = AmazingScore;
			};
			name = Debug;
		};
		DBE3647E2417B75E00F02B1A /* Release */ = {
			isa = XCBuildConfiguration;
			buildSettings = {
				ALWAYS_EMBED_SWIFT_STANDARD_LIBRARIES = YES;
				CODE_SIGN_STYLE = Automatic;
				DEVELOPMENT_TEAM = HX4W3E9WJ5;
				INFOPLIST_FILE = AmazingScoreUITests/Info.plist;
				LD_RUNPATH_SEARCH_PATHS = (
					"$(inherited)",
					"@executable_path/Frameworks",
					"@loader_path/Frameworks",
				);
				PRODUCT_BUNDLE_IDENTIFIER = it.cdelgaudio.AmazingScoreUITests;
				PRODUCT_NAME = "$(TARGET_NAME)";
				SWIFT_VERSION = 5.0;
				TARGETED_DEVICE_FAMILY = "1,2";
				TEST_TARGET_NAME = AmazingScore;
			};
			name = Release;
		};
/* End XCBuildConfiguration section */

/* Begin XCConfigurationList section */
		DBE364472417B75700F02B1A /* Build configuration list for PBXProject "AmazingScore" */ = {
			isa = XCConfigurationList;
			buildConfigurations = (
				DBE364742417B75E00F02B1A /* Debug */,
				DBE364752417B75E00F02B1A /* Release */,
			);
			defaultConfigurationIsVisible = 0;
			defaultConfigurationName = Release;
		};
		DBE364762417B75E00F02B1A /* Build configuration list for PBXNativeTarget "AmazingScore" */ = {
			isa = XCConfigurationList;
			buildConfigurations = (
				DBE364772417B75E00F02B1A /* Debug */,
				DBE364782417B75E00F02B1A /* Release */,
			);
			defaultConfigurationIsVisible = 0;
			defaultConfigurationName = Release;
		};
		DBE364792417B75E00F02B1A /* Build configuration list for PBXNativeTarget "AmazingScoreTests" */ = {
			isa = XCConfigurationList;
			buildConfigurations = (
				DBE3647A2417B75E00F02B1A /* Debug */,
				DBE3647B2417B75E00F02B1A /* Release */,
			);
			defaultConfigurationIsVisible = 0;
			defaultConfigurationName = Release;
		};
		DBE3647C2417B75E00F02B1A /* Build configuration list for PBXNativeTarget "AmazingScoreUITests" */ = {
			isa = XCConfigurationList;
			buildConfigurations = (
				DBE3647D2417B75E00F02B1A /* Debug */,
				DBE3647E2417B75E00F02B1A /* Release */,
			);
			defaultConfigurationIsVisible = 0;
			defaultConfigurationName = Release;
		};
/* End XCConfigurationList section */
	};
	rootObject = DBE364442417B75700F02B1A /* Project object */;
}
